<?xml version="1.0" encoding="UTF-8" standalone="yes" ?>
<CodeBlocks_project_file>
	<FileVersion major="1" minor="6" />
	<Project>
		<Option title="movsqr" />
		<Option makefile_is_custom="1" />
		<Option compiler="gcc" />
		<Option virtualFolders="CMake Files/;CMake Files/../;CMake Files/../../;CMake Files/../../../;CMake Files/../../../../;CMake Files/../../../../../;CMake Files/../../../../../../;CMake Files/../../../../../../usr/;CMake Files/../../../../../../usr/local/;CMake Files/../../../../../../usr/local/lib/;CMake Files/../../../../../../usr/local/lib/cmake/;CMake Files/../../../../../../usr/local/lib/cmake/glfw3/;" />
		<Build>
			<Target title="all">
				<Option type="4" />
				<Option compiler="gcc" />
				<MakeCommands>
					<Build command='/usr/bin/make -f &quot;/home/jconvertino/Documents/Programs/codeblocks/Metis/Makefile&quot;  VERBOSE=1 all' />
					<CompileFile command='/usr/bin/make -f &quot;/home/jconvertino/Documents/Programs/codeblocks/Metis/Makefile&quot;  VERBOSE=1 &quot;$file&quot;' />
					<Clean command='/usr/bin/make -f &quot;/home/jconvertino/Documents/Programs/codeblocks/Metis/Makefile&quot;  VERBOSE=1 clean' />
					<DistClean command='/usr/bin/make -f &quot;/home/jconvertino/Documents/Programs/codeblocks/Metis/Makefile&quot;  VERBOSE=1 clean' />
					<AskRebuildNeeded command="$make -q -f $makefile $target" />
					<SilentBuild command="$make -f $makefile $target &gt; $(CMD_NULL)" />
				</MakeCommands>
			</Target>
			<Target title="edit_cache">
				<Option type="4" />
				<Option compiler="gcc" />
				<MakeCommands>
					<Build command='/usr/bin/make -f &quot;/home/jconvertino/Documents/Programs/codeblocks/Metis/Makefile&quot;  VERBOSE=1 edit_cache' />
					<CompileFile command='/usr/bin/make -f &quot;/home/jconvertino/Documents/Programs/codeblocks/Metis/Makefile&quot;  VERBOSE=1 &quot;$file&quot;' />
					<Clean command='/usr/bin/make -f &quot;/home/jconvertino/Documents/Programs/codeblocks/Metis/Makefile&quot;  VERBOSE=1 clean' />
					<DistClean command='/usr/bin/make -f &quot;/home/jconvertino/Documents/Programs/codeblocks/Metis/Makefile&quot;  VERBOSE=1 clean' />
					<AskRebuildNeeded command="$make -q -f $makefile $target" />
					<SilentBuild command="$make -f $makefile $target &gt; $(CMD_NULL)" />
				</MakeCommands>
			</Target>
			<Target title="rebuild_cache">
				<Option type="4" />
				<Option compiler="gcc" />
				<MakeCommands>
					<Build command='/usr/bin/make -f &quot;/home/jconvertino/Documents/Programs/codeblocks/Metis/Makefile&quot;  VERBOSE=1 rebuild_cache' />
					<CompileFile command='/usr/bin/make -f &quot;/home/jconvertino/Documents/Programs/codeblocks/Metis/Makefile&quot;  VERBOSE=1 &quot;$file&quot;' />
					<Clean command='/usr/bin/make -f &quot;/home/jconvertino/Documents/Programs/codeblocks/Metis/Makefile&quot;  VERBOSE=1 clean' />
					<DistClean command='/usr/bin/make -f &quot;/home/jconvertino/Documents/Programs/codeblocks/Metis/Makefile&quot;  VERBOSE=1 clean' />
					<AskRebuildNeeded command="$make -q -f $makefile $target" />
					<SilentBuild command="$make -f $makefile $target &gt; $(CMD_NULL)" />
				</MakeCommands>
			</Target>
			<Target title="movsqr">
				<Option output="/home/jconvertino/Documents/Programs/codeblocks/Metis/bin_nix/movsqr" prefix_auto="0" extension_auto="0" />
				<Option working_dir="/home/jconvertino/Documents/Programs/codeblocks/Metis/bin_nix" />
				<Option object_output="./" />
				<Option type="1" />
				<Option compiler="gcc" />
				<Compiler>
					<Add directory="/home/jconvertino/Documents/Programs/codeblocks/Metis/include" />
					<Add directory="/usr/include" />
					<Add directory="/usr/include/c++/4.9" />
					<Add directory="/usr/include/c++/4.9/backward" />
					<Add directory="/usr/include/x86_64-linux-gnu" />
					<Add directory="/usr/include/x86_64-linux-gnu/c++/4.9" />
					<Add directory="/usr/lib/gcc/x86_64-linux-gnu/4.9/include" />
					<Add directory="/usr/lib/gcc/x86_64-linux-gnu/4.9/include-fixed" />
					<Add directory="/usr/local/include" />
				</Compiler>
				<MakeCommands>
					<Build command='/usr/bin/make -f &quot;/home/jconvertino/Documents/Programs/codeblocks/Metis/Makefile&quot;  VERBOSE=1 movsqr' />
					<CompileFile command='/usr/bin/make -f &quot;/home/jconvertino/Documents/Programs/codeblocks/Metis/Makefile&quot;  VERBOSE=1 &quot;$file&quot;' />
					<Clean command='/usr/bin/make -f &quot;/home/jconvertino/Documents/Programs/codeblocks/Metis/Makefile&quot;  VERBOSE=1 clean' />
					<DistClean command='/usr/bin/make -f &quot;/home/jconvertino/Documents/Programs/codeblocks/Metis/Makefile&quot;  VERBOSE=1 clean' />
					<AskRebuildNeeded command="$make -q -f $makefile $target" />
					<SilentBuild command="$make -f $makefile $target &gt; $(CMD_NULL)" />
				</MakeCommands>
			</Target>
			<Target title="movsqr/fast">
				<Option output="/home/jconvertino/Documents/Programs/codeblocks/Metis/bin_nix/movsqr" prefix_auto="0" extension_auto="0" />
				<Option working_dir="/home/jconvertino/Documents/Programs/codeblocks/Metis/bin_nix" />
				<Option object_output="./" />
				<Option type="1" />
				<Option compiler="gcc" />
				<Compiler>
					<Add directory="/home/jconvertino/Documents/Programs/codeblocks/Metis/include" />
					<Add directory="/usr/include" />
					<Add directory="/usr/include/c++/4.9" />
					<Add directory="/usr/include/c++/4.9/backward" />
					<Add directory="/usr/include/x86_64-linux-gnu" />
					<Add directory="/usr/include/x86_64-linux-gnu/c++/4.9" />
					<Add directory="/usr/lib/gcc/x86_64-linux-gnu/4.9/include" />
					<Add directory="/usr/lib/gcc/x86_64-linux-gnu/4.9/include-fixed" />
					<Add directory="/usr/local/include" />
				</Compiler>
				<MakeCommands>
					<Build command='/usr/bin/make -f &quot;/home/jconvertino/Documents/Programs/codeblocks/Metis/Makefile&quot;  VERBOSE=1 movsqr/fast' />
					<CompileFile command='/usr/bin/make -f &quot;/home/jconvertino/Documents/Programs/codeblocks/Metis/Makefile&quot;  VERBOSE=1 &quot;$file&quot;' />
					<Clean command='/usr/bin/make -f &quot;/home/jconvertino/Documents/Programs/codeblocks/Metis/Makefile&quot;  VERBOSE=1 clean' />
					<DistClean command='/usr/bin/make -f &quot;/home/jconvertino/Documents/Programs/codeblocks/Metis/Makefile&quot;  VERBOSE=1 clean' />
					<AskRebuildNeeded command="$make -q -f $makefile $target" />
					<SilentBuild command="$make -f $makefile $target &gt; $(CMD_NULL)" />
				</MakeCommands>
			</Target>
		</Build>
		<Unit filename="../../../../../../usr/local/lib/cmake/glfw3/glfw3Config.cmake">
			<Option virtualFolder="CMake Files/../../../../../../usr/local/lib/cmake/glfw3/" />
		</Unit>
		<Unit filename="../../../../../../usr/local/lib/cmake/glfw3/glfw3ConfigVersion.cmake">
			<Option virtualFolder="CMake Files/../../../../../../usr/local/lib/cmake/glfw3/" />
		</Unit>
		<Unit filename="../../../../../../usr/local/lib/cmake/glfw3/glfw3Targets-noconfig.cmake">
			<Option virtualFolder="CMake Files/../../../../../../usr/local/lib/cmake/glfw3/" />
		</Unit>
		<Unit filename="../../../../../../usr/local/lib/cmake/glfw3/glfw3Targets.cmake">
			<Option virtualFolder="CMake Files/../../../../../../usr/local/lib/cmake/glfw3/" />
		</Unit>
		<Unit filename="CMakeLists.txt">
			<Option virtualFolder="CMake Files/" />
		</Unit>
		<Unit filename="main.c">
			<Option compilerVar="CC" />
		</Unit>
		<Unit filename="src/getInput.c">
			<Option compilerVar="CC" />
		</Unit>
		<Unit filename="src/nix/testEngine.c">
			<Option compilerVar="CC" />
		</Unit>
		<Extensions>
			<envvars />
			<code_completion />
			<debugger />
		</Extensions>
	</Project>
</CodeBlocks_project_file>
